
Microsoft Visual Studio Solution File, Format Version 12.00
# Visual Studio Version 16
VisualStudioVersion = 16.0.30114.105
MinimumVisualStudioVersion = 10.0.40219.1
Project("{FAE04EC0-301F-11D3-BF4B-00C04F79EFBC}") = "BrazilianDocuments", "src\BrazilianDocuments\BrazilianDocuments.csproj", "{0DF43795-13A9-4978-A062-85551861B15D}"
EndProject
Project("{FAE04EC0-301F-11D3-BF4B-00C04F79EFBC}") = "Tests", "tests\BrazilianDocuments.Tests\BrazilianDocuments.Tests.csproj", "{A04694DD-9502-457C-8380-63037E82063D}"
EndProject
Global
	GlobalSection(SolutionConfigurationPlatforms) = preSolution
		Debug|Any CPU = Debug|Any CPU
		Release|Any CPU = Release|Any CPU
	EndGlobalSection
	GlobalSection(SolutionProperties) = preSolution
		HideSolutionNode = FALSE
	EndGlobalSection
	GlobalSection(ProjectConfigurationPlatforms) = postSolution
		{0DF43795-13A9-4978-A062-85551861B15D}.Debug|Any CPU.ActiveCfg = Debug|Any CPU
		{0DF43795-13A9-4978-A062-85551861B15D}.Debug|Any CPU.Build.0 = Debug|Any CPU
		{0DF43795-13A9-4978-A062-85551861B15D}.Release|Any CPU.ActiveCfg = Release|Any CPU
		{0DF43795-13A9-4978-A062-85551861B15D}.Release|Any CPU.Build.0 = Release|Any CPU
		{A04694DD-9502-457C-8380-63037E82063D}.Debug|Any CPU.ActiveCfg = Debug|Any CPU
		{A04694DD-9502-457C-8380-63037E82063D}.Debug|Any CPU.Build.0 = Debug|Any CPU
		{A04694DD-9502-457C-8380-63037E82063D}.Release|Any CPU.ActiveCfg = Release|Any CPU
		{A04694DD-9502-457C-8380-63037E82063D}.Release|Any CPU.Build.0 = Release|Any CPU
	EndGlobalSection
EndGlobal
